
Microsoft Visual Studio Solution File, Format Version 12.00
# Visual Studio Version 17
VisualStudioVersion = 17.14.36414.22 d17.14
MinimumVisualStudioVersion = 10.0.40219.1
Project("{FAE04EC0-301F-11D3-BF4B-00C04F79EFBC}") = "ToolsWebsite", "ToolsWebsite.csproj", "{21191C2A-19B6-A031-E5A6-E740CEEB4406}"
EndProject
Global
	GlobalSection(SolutionConfigurationPlatforms) = preSolution
		Debug|Any CPU = Debug|Any CPU
		Release|Any CPU = Release|Any CPU
	EndGlobalSection
	GlobalSection(ProjectConfigurationPlatforms) = postSolution
		{21191C2A-19B6-A031-E5A6-E740CEEB4406}.Debug|Any CPU.ActiveCfg = Debug|Any CPU
		{21191C2A-19B6-A031-E5A6-E740CEEB4406}.Debug|Any CPU.Build.0 = Debug|Any CPU
		{21191C2A-19B6-A031-E5A6-E740CEEB4406}.Release|Any CPU.ActiveCfg = Release|Any CPU
		{21191C2A-19B6-A031-E5A6-E740CEEB4406}.Release|Any CPU.Build.0 = Release|Any CPU
	EndGlobalSection
	GlobalSection(SolutionProperties) = preSolution
		HideSolutionNode = FALSE
	EndGlobalSection
	GlobalSection(ExtensibilityGlobals) = postSolution
		SolutionGuid = {2F2F014D-9377-4D2D-A747-A3539DD104B0}
	EndGlobalSection
EndGlobal
